<Solution>
  <Folder Name="/src/">
    <Project Path="src/Botty.Api/Botty.Api.csproj" />
    <Project Path="src/Botty.Hooks/Botty.Hooks.csproj" />
    <Project Path="src/Botty.Core/Botty.Core.csproj" />
    <Project Path="src/Botty.Infrastructure/Botty.Infrastructure.csproj" />
    <Project Path="src/Botty.LLM/Botty.LLM.csproj" />
    <Project Path="src/Botty.Memory/Botty.Memory.csproj" />
    <Project Path="src/Botty.Messaging/Botty.Messaging.csproj" />
    <Project Path="src/Botty.Scheduler/Botty.Scheduler.csproj" />
    <Project Path="src/Botty.Secrets/Botty.Secrets.csproj" />
    <Project Path="src/Botty.Tools/Botty.Tools.csproj" />
    <Project Path="src/Botty.Tools.Tests/Botty.Tools.Tests.csproj" />
    <Project Path="src/Botty.Channels/Botty.Channels.csproj" />
    <Project Path="src/Botty.Workflow/Botty.Workflow.csproj" />
    <Project Path="src/Botty.Cli/Botty.Cli.csproj" />
  </Folder>
</Solution>
